{
  "name": "tendermatch-production-promotion-tools",
  "version": "1.0.0",
  "lockfileVersion": 3,
  "requires": true,
  "packages": {
    "": {
      "name": "tendermatch-production-promotion-tools",
      "version": "1.0.0",
      "dependencies": {
        "pg-copy-streams": "7.0.0"
      }
    },
    "node_modules/pg-copy-streams": {
      "version": "7.0.0",
      "resolved": "https://registry.npmjs.org/pg-copy-streams/-/pg-copy-streams-7.0.0.tgz",
      "integrity": "sha512-zBvnY6wtaBRE2ae2xXWOOGMaNVPkXh1vhypAkNSKgMdciJeTyIQAHZaEeRAxUjs/p1El5jgzYmwG5u871Zj3dQ==",
      "license": "MIT"
    }
  }
}
